
Microsoft Visual Studio Solution File, Format Version 12.00
# Visual Studio Version 16
VisualStudioVersion = 16.0.32407.337
MinimumVisualStudioVersion = 10.0.40219.1
Project("{8BC9CEB8-8B4A-11D0-8D11-00A0C91BC942}") = "Routine_items", "Routine_items.vcxproj", "{EA14D908-50BC-4C89-AE2F-D32C2D0B8657}"
EndProject
Global
	GlobalSection(SolutionConfigurationPlatforms) = preSolution
		Debug|x64 = Debug|x64
		Debug|x86 = Debug|x86
		Release|x64 = Release|x64
		Release|x86 = Release|x86
	EndGlobalSection
	GlobalSection(ProjectConfigurationPlatforms) = postSolution
		{EA14D908-50BC-4C89-AE2F-D32C2D0B8657}.Debug|x64.ActiveCfg = Debug|x64
		{EA14D908-50BC-4C89-AE2F-D32C2D0B8657}.Debug|x64.Build.0 = Debug|x64
		{EA14D908-50BC-4C89-AE2F-D32C2D0B8657}.Debug|x86.ActiveCfg = Debug|Win32
		{EA14D908-50BC-4C89-AE2F-D32C2D0B8657}.Debug|x86.Build.0 = Debug|Win32
		{EA14D908-50BC-4C89-AE2F-D32C2D0B8657}.Release|x64.ActiveCfg = Release|x64
		{EA14D908-50BC-4C89-AE2F-D32C2D0B8657}.Release|x64.Build.0 = Release|x64
		{EA14D908-50BC-4C89-AE2F-D32C2D0B8657}.Release|x86.ActiveCfg = Release|Win32
		{EA14D908-50BC-4C89-AE2F-D32C2D0B8657}.Release|x86.Build.0 = Release|Win32
	EndGlobalSection
	GlobalSection(SolutionProperties) = preSolution
		HideSolutionNode = FALSE
	EndGlobalSection
	GlobalSection(ExtensibilityGlobals) = postSolution
		SolutionGuid = {57F15E43-60B3-4FA2-89D6-734057DCB54F}
	EndGlobalSection
EndGlobal
